
Microsoft Visual Studio Solution File, Format Version 12.00
# Visual Studio Version 17
VisualStudioVersion = 17.0.32014.148
MinimumVisualStudioVersion = 10.0.40219.1
Project("{FAE04EC0-301F-11D3-BF4B-00C04F79EFBC}") = "Store", "Store\Store.csproj", "{DF694D00-3F12-4E5E-B702-AE23CAA7D183}"
EndProject
Global
	GlobalSection(SolutionConfigurationPlatforms) = preSolution
		Debug|Any CPU = Debug|Any CPU
		Release|Any CPU = Release|Any CPU
	EndGlobalSection
	GlobalSection(ProjectConfigurationPlatforms) = postSolution
		{DF694D00-3F12-4E5E-B702-AE23CAA7D183}.Debug|Any CPU.ActiveCfg = Debug|Any CPU
		{DF694D00-3F12-4E5E-B702-AE23CAA7D183}.Debug|Any CPU.Build.0 = Debug|Any CPU
		{DF694D00-3F12-4E5E-B702-AE23CAA7D183}.Release|Any CPU.ActiveCfg = Release|Any CPU
		{DF694D00-3F12-4E5E-B702-AE23CAA7D183}.Release|Any CPU.Build.0 = Release|Any CPU
	EndGlobalSection
	GlobalSection(SolutionProperties) = preSolution
		HideSolutionNode = FALSE
	EndGlobalSection
	GlobalSection(ExtensibilityGlobals) = postSolution
		SolutionGuid = {AB787D6E-D61F-4FBF-BB23-F09ABB5FCDF5}
	EndGlobalSection
EndGlobal
